
Microsoft Visual Studio Solution File, Format Version 12.00
# Visual Studio Version 17
VisualStudioVersion = 17.11.35327.3
MinimumVisualStudioVersion = 10.0.40219.1
Project("{9A19103F-16F7-4668-BE54-9A1E7A4F7556}") = "rfg-localization", "rfg-localization.csproj", "{88C47595-A6B7-4E41-8156-79C78C77A6FE}"
EndProject
Project("{9A19103F-16F7-4668-BE54-9A1E7A4F7556}") = "RFGM.Formats", "..\RFGM.Formats\RFGM.Formats\RFGM.Formats.csproj", "{86181B7C-952C-4EC6-BDE1-582A89D2F969}"
EndProject
Global
	GlobalSection(SolutionConfigurationPlatforms) = preSolution
		Debug|Any CPU = Debug|Any CPU
		Release|Any CPU = Release|Any CPU
	EndGlobalSection
	GlobalSection(ProjectConfigurationPlatforms) = postSolution
		{88C47595-A6B7-4E41-8156-79C78C77A6FE}.Debug|Any CPU.ActiveCfg = Debug|Any CPU
		{88C47595-A6B7-4E41-8156-79C78C77A6FE}.Debug|Any CPU.Build.0 = Debug|Any CPU
		{88C47595-A6B7-4E41-8156-79C78C77A6FE}.Release|Any CPU.ActiveCfg = Release|Any CPU
		{88C47595-A6B7-4E41-8156-79C78C77A6FE}.Release|Any CPU.Build.0 = Release|Any CPU
		{86181B7C-952C-4EC6-BDE1-582A89D2F969}.Debug|Any CPU.ActiveCfg = Debug|Any CPU
		{86181B7C-952C-4EC6-BDE1-582A89D2F969}.Debug|Any CPU.Build.0 = Debug|Any CPU
		{86181B7C-952C-4EC6-BDE1-582A89D2F969}.Release|Any CPU.ActiveCfg = Release|Any CPU
		{86181B7C-952C-4EC6-BDE1-582A89D2F969}.Release|Any CPU.Build.0 = Release|Any CPU
	EndGlobalSection
	GlobalSection(SolutionProperties) = preSolution
		HideSolutionNode = FALSE
	EndGlobalSection
	GlobalSection(ExtensibilityGlobals) = postSolution
		SolutionGuid = {65CBF32A-511C-4DC4-8836-80B62EF2219B}
	EndGlobalSection
EndGlobal
